
Microsoft Visual Studio Solution File, Format Version 12.00
# Visual Studio Version 17
VisualStudioVersion = 17.1.32319.34
MinimumVisualStudioVersion = 10.0.40219.1
Project("{9A19103F-16F7-4668-BE54-9A1E7A4F7556}") = "WebAppMARS", "WebAppMARS\WebAppMARS.csproj", "{AC6E7D88-8A79-4670-AD7A-15D91BFAA091}"
EndProject
Project("{9A19103F-16F7-4668-BE54-9A1E7A4F7556}") = "DatabaseImplement", "DatabaseImplement\DatabaseImplement.csproj", "{94A0E8AD-6353-480D-B17A-35C5FF58384B}"
EndProject
Project("{9A19103F-16F7-4668-BE54-9A1E7A4F7556}") = "Contracts", "Contracts\Contracts.csproj", "{F486DD16-0CE6-4700-AE0A-990E45614CE1}"
EndProject
Project("{FAE04EC0-301F-11D3-BF4B-00C04F79EFBC}") = "BusinessLogics", "BusinessLogics\BusinessLogics.csproj", "{91DA1BA3-9DDB-40B0-8304-7F411ADEA6A1}"
EndProject
Global
	GlobalSection(SolutionConfigurationPlatforms) = preSolution
		Debug|Any CPU = Debug|Any CPU
		Release|Any CPU = Release|Any CPU
	EndGlobalSection
	GlobalSection(ProjectConfigurationPlatforms) = postSolution
		{AC6E7D88-8A79-4670-AD7A-15D91BFAA091}.Debug|Any CPU.ActiveCfg = Debug|Any CPU
		{AC6E7D88-8A79-4670-AD7A-15D91BFAA091}.Debug|Any CPU.Build.0 = Debug|Any CPU
		{AC6E7D88-8A79-4670-AD7A-15D91BFAA091}.Release|Any CPU.ActiveCfg = Release|Any CPU
		{AC6E7D88-8A79-4670-AD7A-15D91BFAA091}.Release|Any CPU.Build.0 = Release|Any CPU
		{94A0E8AD-6353-480D-B17A-35C5FF58384B}.Debug|Any CPU.ActiveCfg = Debug|Any CPU
		{94A0E8AD-6353-480D-B17A-35C5FF58384B}.Debug|Any CPU.Build.0 = Debug|Any CPU
		{94A0E8AD-6353-480D-B17A-35C5FF58384B}.Release|Any CPU.ActiveCfg = Release|Any CPU
		{94A0E8AD-6353-480D-B17A-35C5FF58384B}.Release|Any CPU.Build.0 = Release|Any CPU
		{F486DD16-0CE6-4700-AE0A-990E45614CE1}.Debug|Any CPU.ActiveCfg = Debug|Any CPU
		{F486DD16-0CE6-4700-AE0A-990E45614CE1}.Debug|Any CPU.Build.0 = Debug|Any CPU
		{F486DD16-0CE6-4700-AE0A-990E45614CE1}.Release|Any CPU.ActiveCfg = Release|Any CPU
		{F486DD16-0CE6-4700-AE0A-990E45614CE1}.Release|Any CPU.Build.0 = Release|Any CPU
		{91DA1BA3-9DDB-40B0-8304-7F411ADEA6A1}.Debug|Any CPU.ActiveCfg = Debug|Any CPU
		{91DA1BA3-9DDB-40B0-8304-7F411ADEA6A1}.Debug|Any CPU.Build.0 = Debug|Any CPU
		{91DA1BA3-9DDB-40B0-8304-7F411ADEA6A1}.Release|Any CPU.ActiveCfg = Release|Any CPU
		{91DA1BA3-9DDB-40B0-8304-7F411ADEA6A1}.Release|Any CPU.Build.0 = Release|Any CPU
	EndGlobalSection
	GlobalSection(SolutionProperties) = preSolution
		HideSolutionNode = FALSE
	EndGlobalSection
	GlobalSection(ExtensibilityGlobals) = postSolution
		SolutionGuid = {B2911E83-CABE-4336-8A0D-FEA94A150308}
	EndGlobalSection
EndGlobal
